
Microsoft Visual Studio Solution File, Format Version 12.00
# Visual Studio Version 17
VisualStudioVersion = 17.14.36121.58
MinimumVisualStudioVersion = 10.0.40219.1
Project("{FAE04EC0-301F-11D3-BF4B-00C04F79EFBC}") = "IPB2.EmployeeLeaveMS.WebApi", "IPB2.EmployeeLeaveMS.WebApi\IPB2.EmployeeLeaveMS.WebApi.csproj", "{4ED027A6-DA69-48E5-96E0-78730B8989B9}"
EndProject
Project("{FAE04EC0-301F-11D3-BF4B-00C04F79EFBC}") = "IPB2.EmployeeLeaveMS.Database", "IPB2.EmployeeLeaveMS.Database\IPB2.EmployeeLeaveMS.Database.csproj", "{DD123DAC-97F2-42CA-912E-2F768F95F6CD}"
EndProject
Project("{FAE04EC0-301F-11D3-BF4B-00C04F79EFBC}") = "IPB2.EmployeeLeaveMS.MinimalApi", "IPB2.EmployeeLeaveMS.MinimalApi\IPB2.EmployeeLeaveMS.MinimalApi.csproj", "{B32D7F0D-EFCB-46CE-9F55-1EB062E3A91A}"
EndProject
Project("{FAE04EC0-301F-11D3-BF4B-00C04F79EFBC}") = "IPB2.EmployeeLeaveMS.Console", "IPB2.EmployeeLeaveMS.Console\IPB2.EmployeeLeaveMS.Console.csproj", "{7D90E2A6-18ED-4182-8D8D-9E6723582B4B}"
EndProject
Project("{FAE04EC0-301F-11D3-BF4B-00C04F79EFBC}") = "IPB2.EmployeeLeaveMS.WinForm", "IPB2.EmployeeLeaveMS.WinForm\IPB2.EmployeeLeaveMS.WinForm.csproj", "{5FDB982D-EF53-41E4-AF2F-FA6A06423991}"
EndProject
Project("{FAE04EC0-301F-11D3-BF4B-00C04F79EFBC}") = "IPB2.EmployeeLeaveMS.MVC", "IPB2.EmployeeLeaveMS.MVC\IPB2.EmployeeLeaveMS.MVC.csproj", "{1B5177B9-866A-40B8-B8A7-035322FB77B4}"
EndProject
Project("{FAE04EC0-301F-11D3-BF4B-00C04F79EFBC}") = "IPB2.EmployeeLeaveMS.Domain", "IPB2.EmployeeLeaveMS.Domain\IPB2.EmployeeLeaveMS.Domain.csproj", "{719D3AFA-E2C9-45EA-BC85-5FAA9401CF5B}"
EndProject
Project("{FAE04EC0-301F-11D3-BF4B-00C04F79EFBC}") = "IPB2.EmployeeLeaveMS.MVCwithHttpClient", "IPB2.EmployeeLeaveMS.MVCwithHttpClient\IPB2.EmployeeLeaveMS.MVCwithHttpClient.csproj", "{AFB25444-B0BD-4AC7-BCD2-623F373240DD}"
EndProject
Global
	GlobalSection(SolutionConfigurationPlatforms) = preSolution
		Debug|Any CPU = Debug|Any CPU
		Debug|x64 = Debug|x64
		Debug|x86 = Debug|x86
		Release|Any CPU = Release|Any CPU
		Release|x64 = Release|x64
		Release|x86 = Release|x86
	EndGlobalSection
	GlobalSection(ProjectConfigurationPlatforms) = postSolution
		{4ED027A6-DA69-48E5-96E0-78730B8989B9}.Debug|Any CPU.ActiveCfg = Debug|Any CPU
		{4ED027A6-DA69-48E5-96E0-78730B8989B9}.Debug|Any CPU.Build.0 = Debug|Any CPU
		{4ED027A6-DA69-48E5-96E0-78730B8989B9}.Debug|x64.ActiveCfg = Debug|Any CPU
		{4ED027A6-DA69-48E5-96E0-78730B8989B9}.Debug|x64.Build.0 = Debug|Any CPU
		{4ED027A6-DA69-48E5-96E0-78730B8989B9}.Debug|x86.ActiveCfg = Debug|Any CPU
		{4ED027A6-DA69-48E5-96E0-78730B8989B9}.Debug|x86.Build.0 = Debug|Any CPU
		{4ED027A6-DA69-48E5-96E0-78730B8989B9}.Release|Any CPU.ActiveCfg = Release|Any CPU
		{4ED027A6-DA69-48E5-96E0-78730B8989B9}.Release|Any CPU.Build.0 = Release|Any CPU
		{4ED027A6-DA69-48E5-96E0-78730B8989B9}.Release|x64.ActiveCfg = Release|Any CPU
		{4ED027A6-DA69-48E5-96E0-78730B8989B9}.Release|x64.Build.0 = Release|Any CPU
		{4ED027A6-DA69-48E5-96E0-78730B8989B9}.Release|x86.ActiveCfg = Release|Any CPU
		{4ED027A6-DA69-48E5-96E0-78730B8989B9}.Release|x86.Build.0 = Release|Any CPU
		{DD123DAC-97F2-42CA-912E-2F768F95F6CD}.Debug|Any CPU.ActiveCfg = Debug|Any CPU
		{DD123DAC-97F2-42CA-912E-2F768F95F6CD}.Debug|Any CPU.Build.0 = Debug|Any CPU
		{DD123DAC-97F2-42CA-912E-2F768F95F6CD}.Debug|x64.ActiveCfg = Debug|Any CPU
		{DD123DAC-97F2-42CA-912E-2F768F95F6CD}.Debug|x64.Build.0 = Debug|Any CPU
		{DD123DAC-97F2-42CA-912E-2F768F95F6CD}.Debug|x86.ActiveCfg = Debug|Any CPU
		{DD123DAC-97F2-42CA-912E-2F768F95F6CD}.Debug|x86.Build.0 = Debug|Any CPU
		{DD123DAC-97F2-42CA-912E-2F768F95F6CD}.Release|Any CPU.ActiveCfg = Release|Any CPU
		{DD123DAC-97F2-42CA-912E-2F768F95F6CD}.Release|Any CPU.Build.0 = Release|Any CPU
		{DD123DAC-97F2-42CA-912E-2F768F95F6CD}.Release|x64.ActiveCfg = Release|Any CPU
		{DD123DAC-97F2-42CA-912E-2F768F95F6CD}.Release|x64.Build.0 = Release|Any CPU
		{DD123DAC-97F2-42CA-912E-2F768F95F6CD}.Release|x86.ActiveCfg = Release|Any CPU
		{DD123DAC-97F2-42CA-912E-2F768F95F6CD}.Release|x86.Build.0 = Release|Any CPU
		{B32D7F0D-EFCB-46CE-9F55-1EB062E3A91A}.Debug|Any CPU.ActiveCfg = Debug|Any CPU
		{B32D7F0D-EFCB-46CE-9F55-1EB062E3A91A}.Debug|Any CPU.Build.0 = Debug|Any CPU
		{B32D7F0D-EFCB-46CE-9F55-1EB062E3A91A}.Debug|x64.ActiveCfg = Debug|Any CPU
		{B32D7F0D-EFCB-46CE-9F55-1EB062E3A91A}.Debug|x64.Build.0 = Debug|Any CPU
		{B32D7F0D-EFCB-46CE-9F55-1EB062E3A91A}.Debug|x86.ActiveCfg = Debug|Any CPU
		{B32D7F0D-EFCB-46CE-9F55-1EB062E3A91A}.Debug|x86.Build.0 = Debug|Any CPU
		{B32D7F0D-EFCB-46CE-9F55-1EB062E3A91A}.Release|Any CPU.ActiveCfg = Release|Any CPU
		{B32D7F0D-EFCB-46CE-9F55-1EB062E3A91A}.Release|Any CPU.Build.0 = Release|Any CPU
		{B32D7F0D-EFCB-46CE-9F55-1EB062E3A91A}.Release|x64.ActiveCfg = Release|Any CPU
		{B32D7F0D-EFCB-46CE-9F55-1EB062E3A91A}.Release|x64.Build.0 = Release|Any CPU
		{B32D7F0D-EFCB-46CE-9F55-1EB062E3A91A}.Release|x86.ActiveCfg = Release|Any CPU
		{B32D7F0D-EFCB-46CE-9F55-1EB062E3A91A}.Release|x86.Build.0 = Release|Any CPU
		{7D90E2A6-18ED-4182-8D8D-9E6723582B4B}.Debug|Any CPU.ActiveCfg = Debug|Any CPU
		{7D90E2A6-18ED-4182-8D8D-9E6723582B4B}.Debug|Any CPU.Build.0 = Debug|Any CPU
		{7D90E2A6-18ED-4182-8D8D-9E6723582B4B}.Debug|x64.ActiveCfg = Debug|Any CPU
		{7D90E2A6-18ED-4182-8D8D-9E6723582B4B}.Debug|x64.Build.0 = Debug|Any CPU
		{7D90E2A6-18ED-4182-8D8D-9E6723582B4B}.Debug|x86.ActiveCfg = Debug|Any CPU
		{7D90E2A6-18ED-4182-8D8D-9E6723582B4B}.Debug|x86.Build.0 = Debug|Any CPU
		{7D90E2A6-18ED-4182-8D8D-9E6723582B4B}.Release|Any CPU.ActiveCfg = Release|Any CPU
		{7D90E2A6-18ED-4182-8D8D-9E6723582B4B}.Release|Any CPU.Build.0 = Release|Any CPU
		{7D90E2A6-18ED-4182-8D8D-9E6723582B4B}.Release|x64.ActiveCfg = Release|Any CPU
		{7D90E2A6-18ED-4182-8D8D-9E6723582B4B}.Release|x64.Build.0 = Release|Any CPU
		{7D90E2A6-18ED-4182-8D8D-9E6723582B4B}.Release|x86.ActiveCfg = Release|Any CPU
		{7D90E2A6-18ED-4182-8D8D-9E6723582B4B}.Release|x86.Build.0 = Release|Any CPU
		{5FDB982D-EF53-41E4-AF2F-FA6A06423991}.Debug|Any CPU.ActiveCfg = Debug|Any CPU
		{5FDB982D-EF53-41E4-AF2F-FA6A06423991}.Debug|Any CPU.Build.0 = Debug|Any CPU
		{5FDB982D-EF53-41E4-AF2F-FA6A06423991}.Debug|x64.ActiveCfg = Debug|Any CPU
		{5FDB982D-EF53-41E4-AF2F-FA6A06423991}.Debug|x64.Build.0 = Debug|Any CPU
		{5FDB982D-EF53-41E4-AF2F-FA6A06423991}.Debug|x86.ActiveCfg = Debug|Any CPU
		{5FDB982D-EF53-41E4-AF2F-FA6A06423991}.Debug|x86.Build.0 = Debug|Any CPU
		{5FDB982D-EF53-41E4-AF2F-FA6A06423991}.Release|Any CPU.ActiveCfg = Release|Any CPU
		{5FDB982D-EF53-41E4-AF2F-FA6A06423991}.Release|Any CPU.Build.0 = Release|Any CPU
		{5FDB982D-EF53-41E4-AF2F-FA6A06423991}.Release|x64.ActiveCfg = Release|Any CPU
		{5FDB982D-EF53-41E4-AF2F-FA6A06423991}.Release|x64.Build.0 = Release|Any CPU
		{5FDB982D-EF53-41E4-AF2F-FA6A06423991}.Release|x86.ActiveCfg = Release|Any CPU
		{5FDB982D-EF53-41E4-AF2F-FA6A06423991}.Release|x86.Build.0 = Release|Any CPU
		{1B5177B9-866A-40B8-B8A7-035322FB77B4}.Debug|Any CPU.ActiveCfg = Debug|Any CPU
		{1B5177B9-866A-40B8-B8A7-035322FB77B4}.Debug|Any CPU.Build.0 = Debug|Any CPU
		{1B5177B9-866A-40B8-B8A7-035322FB77B4}.Debug|x64.ActiveCfg = Debug|Any CPU
		{1B5177B9-866A-40B8-B8A7-035322FB77B4}.Debug|x64.Build.0 = Debug|Any CPU
		{1B5177B9-866A-40B8-B8A7-035322FB77B4}.Debug|x86.ActiveCfg = Debug|Any CPU
		{1B5177B9-866A-40B8-B8A7-035322FB77B4}.Debug|x86.Build.0 = Debug|Any CPU
		{1B5177B9-866A-40B8-B8A7-035322FB77B4}.Release|Any CPU.ActiveCfg = Release|Any CPU
		{1B5177B9-866A-40B8-B8A7-035322FB77B4}.Release|Any CPU.Build.0 = Release|Any CPU
		{1B5177B9-866A-40B8-B8A7-035322FB77B4}.Release|x64.ActiveCfg = Release|Any CPU
		{1B5177B9-866A-40B8-B8A7-035322FB77B4}.Release|x64.Build.0 = Release|Any CPU
		{1B5177B9-866A-40B8-B8A7-035322FB77B4}.Release|x86.ActiveCfg = Release|Any CPU
		{1B5177B9-866A-40B8-B8A7-035322FB77B4}.Release|x86.Build.0 = Release|Any CPU
		{719D3AFA-E2C9-45EA-BC85-5FAA9401CF5B}.Debug|Any CPU.ActiveCfg = Debug|Any CPU
		{719D3AFA-E2C9-45EA-BC85-5FAA9401CF5B}.Debug|Any CPU.Build.0 = Debug|Any CPU
		{719D3AFA-E2C9-45EA-BC85-5FAA9401CF5B}.Debug|x64.ActiveCfg = Debug|Any CPU
		{719D3AFA-E2C9-45EA-BC85-5FAA9401CF5B}.Debug|x64.Build.0 = Debug|Any CPU
		{719D3AFA-E2C9-45EA-BC85-5FAA9401CF5B}.Debug|x86.ActiveCfg = Debug|Any CPU
		{719D3AFA-E2C9-45EA-BC85-5FAA9401CF5B}.Debug|x86.Build.0 = Debug|Any CPU
		{719D3AFA-E2C9-45EA-BC85-5FAA9401CF5B}.Release|Any CPU.ActiveCfg = Release|Any CPU
		{719D3AFA-E2C9-45EA-BC85-5FAA9401CF5B}.Release|Any CPU.Build.0 = Release|Any CPU
		{719D3AFA-E2C9-45EA-BC85-5FAA9401CF5B}.Release|x64.ActiveCfg = Release|Any CPU
		{719D3AFA-E2C9-45EA-BC85-5FAA9401CF5B}.Release|x64.Build.0 = Release|Any CPU
		{719D3AFA-E2C9-45EA-BC85-5FAA9401CF5B}.Release|x86.ActiveCfg = Release|Any CPU
		{719D3AFA-E2C9-45EA-BC85-5FAA9401CF5B}.Release|x86.Build.0 = Release|Any CPU
		{AFB25444-B0BD-4AC7-BCD2-623F373240DD}.Debug|Any CPU.ActiveCfg = Debug|Any CPU
		{AFB25444-B0BD-4AC7-BCD2-623F373240DD}.Debug|Any CPU.Build.0 = Debug|Any CPU
		{AFB25444-B0BD-4AC7-BCD2-623F373240DD}.Debug|x64.ActiveCfg = Debug|Any CPU
		{AFB25444-B0BD-4AC7-BCD2-623F373240DD}.Debug|x64.Build.0 = Debug|Any CPU
		{AFB25444-B0BD-4AC7-BCD2-623F373240DD}.Debug|x86.ActiveCfg = Debug|Any CPU
		{AFB25444-B0BD-4AC7-BCD2-623F373240DD}.Debug|x86.Build.0 = Debug|Any CPU
		{AFB25444-B0BD-4AC7-BCD2-623F373240DD}.Release|Any CPU.ActiveCfg = Release|Any CPU
		{AFB25444-B0BD-4AC7-BCD2-623F373240DD}.Release|Any CPU.Build.0 = Release|Any CPU
		{AFB25444-B0BD-4AC7-BCD2-623F373240DD}.Release|x64.ActiveCfg = Release|Any CPU
		{AFB25444-B0BD-4AC7-BCD2-623F373240DD}.Release|x64.Build.0 = Release|Any CPU
		{AFB25444-B0BD-4AC7-BCD2-623F373240DD}.Release|x86.ActiveCfg = Release|Any CPU
		{AFB25444-B0BD-4AC7-BCD2-623F373240DD}.Release|x86.Build.0 = Release|Any CPU
	EndGlobalSection
	GlobalSection(SolutionProperties) = preSolution
		HideSolutionNode = FALSE
	EndGlobalSection
	GlobalSection(ExtensibilityGlobals) = postSolution
		SolutionGuid = {33B646D1-FA94-4737-B3E0-29084CA3517C}
	EndGlobalSection
EndGlobal
